
Microsoft Visual Studio Solution File, Format Version 12.00
# Visual Studio Version 17
VisualStudioVersion = 17.0.31903.59
MinimumVisualStudioVersion = 10.0.40219.1
Project("{2150E333-8FDC-42A3-9474-1A3956D46DE8}") = "src", "src", "{B9D584BA-66F3-4D72-ADCF-9157F9FBF8F4}"
EndProject
Project("{2150E333-8FDC-42A3-9474-1A3956D46DE8}") = "Presentation", "Presentation", "{2B4D7F8F-7E8D-4F4A-BA0B-364538A8D775}"
EndProject
Project("{2150E333-8FDC-42A3-9474-1A3956D46DE8}") = "API", "API", "{4AFF073E-D560-4186-A74E-05AFBB67D812}"
EndProject
Project("{FAE04EC0-301F-11D3-BF4B-00C04F79EFBC}") = "ExpenseManagement.Api", "src\Presentation\API\ExpenseManagement.Api\ExpenseManagement.Api.csproj", "{1A84878F-B434-49B9-BC42-7E4545D9EDA9}"
EndProject
Project("{2150E333-8FDC-42A3-9474-1A3956D46DE8}") = "Business", "Business", "{3ADE4EA3-8DA6-4CD5-ACB6-266A5C1BEB6E}"
EndProject
Project("{FAE04EC0-301F-11D3-BF4B-00C04F79EFBC}") = "ExpenseManagement.Business", "src\Business\ExpenseManagement.Business\ExpenseManagement.Business.csproj", "{CD57A73A-02F5-4F38-A0DF-64A7F4BB1D71}"
EndProject
Project("{2150E333-8FDC-42A3-9474-1A3956D46DE8}") = "Data", "Data", "{0101A58A-D379-4CCB-840F-458B0DABD3FE}"
EndProject
Project("{FAE04EC0-301F-11D3-BF4B-00C04F79EFBC}") = "ExpenseManagement.Data", "src\Data\ExpenseManagement.Data\ExpenseManagement.Data.csproj", "{B0DFDD01-0179-4FBA-AC83-98B7921FA73B}"
EndProject
Project("{2150E333-8FDC-42A3-9474-1A3956D46DE8}") = "Schema", "Schema", "{1E350679-F04F-4898-9DC0-69CCC4AFA1F5}"
EndProject
Project("{FAE04EC0-301F-11D3-BF4B-00C04F79EFBC}") = "ExpenseManagement.Schema", "src\Schema\ExpenseManagement.Schema\ExpenseManagement.Schema.csproj", "{259941AE-9C3F-41D0-B064-E77C63CDFED5}"
EndProject
Project("{2150E333-8FDC-42A3-9474-1A3956D46DE8}") = "Base", "Base", "{84D1ADEA-F97F-48F9-92A9-F87391678982}"
EndProject
Project("{FAE04EC0-301F-11D3-BF4B-00C04F79EFBC}") = "ExpenseManagement.Base", "src\Base\ExpenseManagement.Base\ExpenseManagement.Base.csproj", "{3246E9AE-14BA-4E44-91DF-DAAB5D552251}"
EndProject
Global
	GlobalSection(SolutionConfigurationPlatforms) = preSolution
		Debug|Any CPU = Debug|Any CPU
		Release|Any CPU = Release|Any CPU
	EndGlobalSection
	GlobalSection(SolutionProperties) = preSolution
		HideSolutionNode = FALSE
	EndGlobalSection
	GlobalSection(ProjectConfigurationPlatforms) = postSolution
		{1A84878F-B434-49B9-BC42-7E4545D9EDA9}.Debug|Any CPU.ActiveCfg = Debug|Any CPU
		{1A84878F-B434-49B9-BC42-7E4545D9EDA9}.Debug|Any CPU.Build.0 = Debug|Any CPU
		{1A84878F-B434-49B9-BC42-7E4545D9EDA9}.Release|Any CPU.ActiveCfg = Release|Any CPU
		{1A84878F-B434-49B9-BC42-7E4545D9EDA9}.Release|Any CPU.Build.0 = Release|Any CPU
		{CD57A73A-02F5-4F38-A0DF-64A7F4BB1D71}.Debug|Any CPU.ActiveCfg = Debug|Any CPU
		{CD57A73A-02F5-4F38-A0DF-64A7F4BB1D71}.Debug|Any CPU.Build.0 = Debug|Any CPU
		{CD57A73A-02F5-4F38-A0DF-64A7F4BB1D71}.Release|Any CPU.ActiveCfg = Release|Any CPU
		{CD57A73A-02F5-4F38-A0DF-64A7F4BB1D71}.Release|Any CPU.Build.0 = Release|Any CPU
		{B0DFDD01-0179-4FBA-AC83-98B7921FA73B}.Debug|Any CPU.ActiveCfg = Debug|Any CPU
		{B0DFDD01-0179-4FBA-AC83-98B7921FA73B}.Debug|Any CPU.Build.0 = Debug|Any CPU
		{B0DFDD01-0179-4FBA-AC83-98B7921FA73B}.Release|Any CPU.ActiveCfg = Release|Any CPU
		{B0DFDD01-0179-4FBA-AC83-98B7921FA73B}.Release|Any CPU.Build.0 = Release|Any CPU
		{259941AE-9C3F-41D0-B064-E77C63CDFED5}.Debug|Any CPU.ActiveCfg = Debug|Any CPU
		{259941AE-9C3F-41D0-B064-E77C63CDFED5}.Debug|Any CPU.Build.0 = Debug|Any CPU
		{259941AE-9C3F-41D0-B064-E77C63CDFED5}.Release|Any CPU.ActiveCfg = Release|Any CPU
		{259941AE-9C3F-41D0-B064-E77C63CDFED5}.Release|Any CPU.Build.0 = Release|Any CPU
		{3246E9AE-14BA-4E44-91DF-DAAB5D552251}.Debug|Any CPU.ActiveCfg = Debug|Any CPU
		{3246E9AE-14BA-4E44-91DF-DAAB5D552251}.Debug|Any CPU.Build.0 = Debug|Any CPU
		{3246E9AE-14BA-4E44-91DF-DAAB5D552251}.Release|Any CPU.ActiveCfg = Release|Any CPU
		{3246E9AE-14BA-4E44-91DF-DAAB5D552251}.Release|Any CPU.Build.0 = Release|Any CPU
	EndGlobalSection
	GlobalSection(NestedProjects) = preSolution
		{2B4D7F8F-7E8D-4F4A-BA0B-364538A8D775} = {B9D584BA-66F3-4D72-ADCF-9157F9FBF8F4}
		{4AFF073E-D560-4186-A74E-05AFBB67D812} = {2B4D7F8F-7E8D-4F4A-BA0B-364538A8D775}
		{1A84878F-B434-49B9-BC42-7E4545D9EDA9} = {4AFF073E-D560-4186-A74E-05AFBB67D812}
		{3ADE4EA3-8DA6-4CD5-ACB6-266A5C1BEB6E} = {B9D584BA-66F3-4D72-ADCF-9157F9FBF8F4}
		{CD57A73A-02F5-4F38-A0DF-64A7F4BB1D71} = {3ADE4EA3-8DA6-4CD5-ACB6-266A5C1BEB6E}
		{0101A58A-D379-4CCB-840F-458B0DABD3FE} = {B9D584BA-66F3-4D72-ADCF-9157F9FBF8F4}
		{B0DFDD01-0179-4FBA-AC83-98B7921FA73B} = {0101A58A-D379-4CCB-840F-458B0DABD3FE}
		{1E350679-F04F-4898-9DC0-69CCC4AFA1F5} = {B9D584BA-66F3-4D72-ADCF-9157F9FBF8F4}
		{259941AE-9C3F-41D0-B064-E77C63CDFED5} = {1E350679-F04F-4898-9DC0-69CCC4AFA1F5}
		{84D1ADEA-F97F-48F9-92A9-F87391678982} = {B9D584BA-66F3-4D72-ADCF-9157F9FBF8F4}
		{3246E9AE-14BA-4E44-91DF-DAAB5D552251} = {84D1ADEA-F97F-48F9-92A9-F87391678982}
	EndGlobalSection
EndGlobal
